{
    "name": "lab06",
    "version": "1.0.0",
    "lockfileVersion": 2,
    "requires": true,
    "packages": {
        "": {
            "name": "lab06",
            "version": "1.0.0",
            "dependencies": {
                "getfile": "file:getfile",
                "logger": "file:logger",
                "string": "^3.3.3",
                "validator": "^13.9.0"
            }
        },
        "getfile": {
            "version": "1.0.0"
        },
        "logger": {
            "version": "1.0.0"
        },
        "node_modules/getfile": {
            "resolved": "getfile",
            "link": true
        },
        "node_modules/logger": {
            "resolved": "logger",
            "link": true
        },
        "node_modules/string": {
            "version": "3.3.3",
            "resolved": "https://registry.npmjs.org/string/-/string-3.3.3.tgz",
            "integrity": "sha512-LbvprpPZT/39QKfNrlPX9vXtS7If80vqbPQ7clnHQb5oVOM5hz/cs3iQCCZjvQDwsAWl+HpLQX3gRgN6IC8t3g=="
        },
        "node_modules/validator": {
            "version": "13.9.0",
            "resolved": "https://registry.npmjs.org/validator/-/validator-13.9.0.tgz",
            "integrity": "sha512-B+dGG8U3fdtM0/aNK4/X8CXq/EcxU2WPrPEkJGslb47qyHsxmbggTWK0yEA4qnYVNF+nxNlN88o14hIcPmSIEA==",
            "engines": {
                "node": ">= 0.10"
            }
        }
    },
    "dependencies": {
        "getfile": {
            "version": "file:getfile"
        },
        "logger": {
            "version": "file:logger"
        },
        "string": {
            "version": "3.3.3",
            "resolved": "https://registry.npmjs.org/string/-/string-3.3.3.tgz",
            "integrity": "sha512-LbvprpPZT/39QKfNrlPX9vXtS7If80vqbPQ7clnHQb5oVOM5hz/cs3iQCCZjvQDwsAWl+HpLQX3gRgN6IC8t3g=="
        },
        "validator": {
            "version": "13.9.0",
            "resolved": "https://registry.npmjs.org/validator/-/validator-13.9.0.tgz",
            "integrity": "sha512-B+dGG8U3fdtM0/aNK4/X8CXq/EcxU2WPrPEkJGslb47qyHsxmbggTWK0yEA4qnYVNF+nxNlN88o14hIcPmSIEA=="
        }
    }
}
